
Microsoft Visual Studio Solution File, Format Version 12.00
# Visual Studio Version 16
VisualStudioVersion = 16.0.31729.503
MinimumVisualStudioVersion = 10.0.40219.1
Project("{FAE04EC0-301F-11D3-BF4B-00C04F79EFBC}") = "JogoDaVelhaConsoleApp", "JogoDaVelhaConsoleApp\JogoDaVelhaConsoleApp.csproj", "{99E84388-8736-42FA-8C75-ED343C58746F}"
EndProject
Global
	GlobalSection(SolutionConfigurationPlatforms) = preSolution
		Debug|Any CPU = Debug|Any CPU
		Release|Any CPU = Release|Any CPU
	EndGlobalSection
	GlobalSection(ProjectConfigurationPlatforms) = postSolution
		{99E84388-8736-42FA-8C75-ED343C58746F}.Debug|Any CPU.ActiveCfg = Debug|Any CPU
		{99E84388-8736-42FA-8C75-ED343C58746F}.Debug|Any CPU.Build.0 = Debug|Any CPU
		{99E84388-8736-42FA-8C75-ED343C58746F}.Release|Any CPU.ActiveCfg = Release|Any CPU
		{99E84388-8736-42FA-8C75-ED343C58746F}.Release|Any CPU.Build.0 = Release|Any CPU
	EndGlobalSection
	GlobalSection(SolutionProperties) = preSolution
		HideSolutionNode = FALSE
	EndGlobalSection
	GlobalSection(ExtensibilityGlobals) = postSolution
		SolutionGuid = {D27012E8-3DA1-4F89-8B01-AFE03ADF54AF}
	EndGlobalSection
EndGlobal
